
Microsoft Visual Studio Solution File, Format Version 12.00
# Visual Studio Version 16
VisualStudioVersion = 16.0.30907.101
MinimumVisualStudioVersion = 10.0.40219.1
Project("{9A19103F-16F7-4668-BE54-9A1E7A4F7556}") = "DataAccess", "DataAccess\DataAccess.csproj", "{1EC88662-5045-402E-AD4B-9A19DEF70828}"
EndProject
Project("{9A19103F-16F7-4668-BE54-9A1E7A4F7556}") = "Business", "Business\Business.csproj", "{9159E0BC-C4F1-4C75-ADFB-92FF90BEC262}"
EndProject
Project("{9A19103F-16F7-4668-BE54-9A1E7A4F7556}") = "Entities", "Entities\Entities.csproj", "{1CD98EBE-A41C-44A0-8848-46EFEC4C327B}"
EndProject
Project("{9A19103F-16F7-4668-BE54-9A1E7A4F7556}") = "ConsoleUI", "ConsoleUI\ConsoleUI.csproj", "{54960865-F72F-4465-A9B2-227F9AEF2F13}"
EndProject
Project("{9A19103F-16F7-4668-BE54-9A1E7A4F7556}") = "Core", "Core\Core.csproj", "{E6AE7F90-8A46-4886-9949-1CCFD1780239}"
EndProject
Project("{FAE04EC0-301F-11D3-BF4B-00C04F79EFBC}") = "WebAPI", "WebAPI\WebAPI.csproj", "{C14D6F88-5669-46A9-A741-9FA6161C29EE}"
EndProject
Global
	GlobalSection(SolutionConfigurationPlatforms) = preSolution
		Debug|Any CPU = Debug|Any CPU
		Release|Any CPU = Release|Any CPU
	EndGlobalSection
	GlobalSection(ProjectConfigurationPlatforms) = postSolution
		{1EC88662-5045-402E-AD4B-9A19DEF70828}.Debug|Any CPU.ActiveCfg = Debug|Any CPU
		{1EC88662-5045-402E-AD4B-9A19DEF70828}.Debug|Any CPU.Build.0 = Debug|Any CPU
		{1EC88662-5045-402E-AD4B-9A19DEF70828}.Release|Any CPU.ActiveCfg = Release|Any CPU
		{1EC88662-5045-402E-AD4B-9A19DEF70828}.Release|Any CPU.Build.0 = Release|Any CPU
		{9159E0BC-C4F1-4C75-ADFB-92FF90BEC262}.Debug|Any CPU.ActiveCfg = Debug|Any CPU
		{9159E0BC-C4F1-4C75-ADFB-92FF90BEC262}.Debug|Any CPU.Build.0 = Debug|Any CPU
		{9159E0BC-C4F1-4C75-ADFB-92FF90BEC262}.Release|Any CPU.ActiveCfg = Release|Any CPU
		{9159E0BC-C4F1-4C75-ADFB-92FF90BEC262}.Release|Any CPU.Build.0 = Release|Any CPU
		{1CD98EBE-A41C-44A0-8848-46EFEC4C327B}.Debug|Any CPU.ActiveCfg = Debug|Any CPU
		{1CD98EBE-A41C-44A0-8848-46EFEC4C327B}.Debug|Any CPU.Build.0 = Debug|Any CPU
		{1CD98EBE-A41C-44A0-8848-46EFEC4C327B}.Release|Any CPU.ActiveCfg = Release|Any CPU
		{1CD98EBE-A41C-44A0-8848-46EFEC4C327B}.Release|Any CPU.Build.0 = Release|Any CPU
		{54960865-F72F-4465-A9B2-227F9AEF2F13}.Debug|Any CPU.ActiveCfg = Debug|Any CPU
		{54960865-F72F-4465-A9B2-227F9AEF2F13}.Debug|Any CPU.Build.0 = Debug|Any CPU
		{54960865-F72F-4465-A9B2-227F9AEF2F13}.Release|Any CPU.ActiveCfg = Release|Any CPU
		{54960865-F72F-4465-A9B2-227F9AEF2F13}.Release|Any CPU.Build.0 = Release|Any CPU
		{E6AE7F90-8A46-4886-9949-1CCFD1780239}.Debug|Any CPU.ActiveCfg = Debug|Any CPU
		{E6AE7F90-8A46-4886-9949-1CCFD1780239}.Debug|Any CPU.Build.0 = Debug|Any CPU
		{E6AE7F90-8A46-4886-9949-1CCFD1780239}.Release|Any CPU.ActiveCfg = Release|Any CPU
		{E6AE7F90-8A46-4886-9949-1CCFD1780239}.Release|Any CPU.Build.0 = Release|Any CPU
		{C14D6F88-5669-46A9-A741-9FA6161C29EE}.Debug|Any CPU.ActiveCfg = Debug|Any CPU
		{C14D6F88-5669-46A9-A741-9FA6161C29EE}.Debug|Any CPU.Build.0 = Debug|Any CPU
		{C14D6F88-5669-46A9-A741-9FA6161C29EE}.Release|Any CPU.ActiveCfg = Release|Any CPU
		{C14D6F88-5669-46A9-A741-9FA6161C29EE}.Release|Any CPU.Build.0 = Release|Any CPU
	EndGlobalSection
	GlobalSection(SolutionProperties) = preSolution
		HideSolutionNode = FALSE
	EndGlobalSection
	GlobalSection(ExtensibilityGlobals) = postSolution
		SolutionGuid = {78BDDB21-6858-4B1E-9D68-3C6BD6BD3F53}
	EndGlobalSection
EndGlobal
